// !$*UTF8*$!
{
	archiveVersion = 1;
	classes = {
	};
	objectVersion = 56;
	objects = {

/* Begin PBXBuildFile section */
		BF7B9D7529E68A28009D0FED /* DropPinController.swift in Sources */ = {isa = PBXBuildFile; fileRef = BF7B9D7429E68A28009D0FED /* DropPinController.swift */; };
		BF7B9D7729E69013009D0FED /* PolylineController.swift in Sources */ = {isa = PBXBuildFile; fileRef = BF7B9D7629E69013009D0FED /* PolylineController.swift */; };
		BF7B9D7929E6947B009D0FED /* CustomAnnotationController.swift in Sources */ = {isa = PBXBuildFile; fileRef = BF7B9D7829E6947B009D0FED /* CustomAnnotationController.swift */; };
		BF7B9D7B29E6B113009D0FED /* RouteDirectionController.swift in Sources */ = {isa = PBXBuildFile; fileRef = BF7B9D7A29E6B113009D0FED /* RouteDirectionController.swift */; };
		BFB453D629E677E1009F8C1A /* AppDelegate.swift in Sources */ = {isa = PBXBuildFile; fileRef = BFB453D429E677E1009F8C1A /* AppDelegate.swift */; };
		BFB453D729E677E1009F8C1A /* SceneDelegate.swift in Sources */ = {isa = PBXBuildFile; fileRef = BFB453D529E677E1009F8C1A /* SceneDelegate.swift */; };
		BFB453DF29E677F0009F8C1A /* Extension + Uicontroller.swift in Sources */ = {isa = PBXBuildFile; fileRef = BFB453DA29E677F0009F8C1A /* Extension + Uicontroller.swift */; };
		BFB453E029E677F0009F8C1A /* UIviewController + Extension.swift in Sources */ = {isa = PBXBuildFile; fileRef = BFB453DB29E677F0009F8C1A /* UIviewController + Extension.swift */; };
		BFB453E129E677F0009F8C1A /* Extension + UItextfield.swift in Sources */ = {isa = PBXBuildFile; fileRef = BFB453DC29E677F0009F8C1A /* Extension + UItextfield.swift */; };
		BFB453E229E677F0009F8C1A /* StoryboardScene.swift in Sources */ = {isa = PBXBuildFile; fileRef = BFB453DE29E677F0009F8C1A /* StoryboardScene.swift */; };
		BFB453F729E6780A009F8C1A /* ViewController.swift in Sources */ = {isa = PBXBuildFile; fileRef = BFB453E429E6780A009F8C1A /* ViewController.swift */; };
		BFB453F829E6780A009F8C1A /* FlyOverController.swift in Sources */ = {isa = PBXBuildFile; fileRef = BFB453E729E6780A009F8C1A /* FlyOverController.swift */; };
		BFB453F929E6780A009F8C1A /* MapViewController.swift in Sources */ = {isa = PBXBuildFile; fileRef = BFB453E829E6780A009F8C1A /* MapViewController.swift */; };
		BFB453FA29E6780A009F8C1A /* LookAroundView.swift in Sources */ = {isa = PBXBuildFile; fileRef = BFB453EB29E6780A009F8C1A /* LookAroundView.swift */; };
		BFB453FB29E6780A009F8C1A /* MapView.swift in Sources */ = {isa = PBXBuildFile; fileRef = BFB453EC29E6780A009F8C1A /* MapView.swift */; };
		BFB453FC29E6780A009F8C1A /* MapViewCoordinator.swift in Sources */ = {isa = PBXBuildFile; fileRef = BFB453EE29E6780A009F8C1A /* MapViewCoordinator.swift */; };
		BFB453FD29E6780A009F8C1A /* LocationManager.swift in Sources */ = {isa = PBXBuildFile; fileRef = BFB453F029E6780A009F8C1A /* LocationManager.swift */; };
		BFB453FE29E6780A009F8C1A /* LocationScreen.swift in Sources */ = {isa = PBXBuildFile; fileRef = BFB453F229E6780A009F8C1A /* LocationScreen.swift */; };
		BFB453FF29E6780A009F8C1A /* SearchController.swift in Sources */ = {isa = PBXBuildFile; fileRef = BFB453F329E6780A009F8C1A /* SearchController.swift */; };
		BFB4540029E6780A009F8C1A /* MapFeaturesController.swift in Sources */ = {isa = PBXBuildFile; fileRef = BFB453F429E6780A009F8C1A /* MapFeaturesController.swift */; };
		BFB4540129E6780A009F8C1A /* RoutesController.swift in Sources */ = {isa = PBXBuildFile; fileRef = BFB453F629E6780A009F8C1A /* RoutesController.swift */; };
		BFB4540B29E67828009F8C1A /* MapSubView.swift in Sources */ = {isa = PBXBuildFile; fileRef = BFB4540429E67828009F8C1A /* MapSubView.swift */; };
		BFB4540C29E67828009F8C1A /* TraceResponseData.swift in Sources */ = {isa = PBXBuildFile; fileRef = BFB4540529E67828009F8C1A /* TraceResponseData.swift */; };
		BFB4540D29E67828009F8C1A /* PolygonResponseData.swift in Sources */ = {isa = PBXBuildFile; fileRef = BFB4540629E67828009F8C1A /* PolygonResponseData.swift */; };
		BFB4540E29E67828009F8C1A /* Point.swift in Sources */ = {isa = PBXBuildFile; fileRef = BFB4540729E67828009F8C1A /* Point.swift */; };
		BFB4540F29E67828009F8C1A /* CustomAnnotations.swift in Sources */ = {isa = PBXBuildFile; fileRef = BFB4540829E67828009F8C1A /* CustomAnnotations.swift */; };
		BFB4541029E67828009F8C1A /* Features.swift in Sources */ = {isa = PBXBuildFile; fileRef = BFB4540929E67828009F8C1A /* Features.swift */; };
		BFB4541129E67828009F8C1A /* CustomAnnotation.swift in Sources */ = {isa = PBXBuildFile; fileRef = BFB4540A29E67828009F8C1A /* CustomAnnotation.swift */; };
		BFB4541729E67843009F8C1A /* LaunchScreen.storyboard in Resources */ = {isa = PBXBuildFile; fileRef = BFB4541329E67843009F8C1A /* LaunchScreen.storyboard */; };
		BFB4541829E67843009F8C1A /* Main.storyboard in Resources */ = {isa = PBXBuildFile; fileRef = BFB4541529E67843009F8C1A /* Main.storyboard */; };
		BFB4541C29E67883009F8C1A /* trace.json in Resources */ = {isa = PBXBuildFile; fileRef = BFB4541A29E67883009F8C1A /* trace.json */; };
		BFB4541D29E67883009F8C1A /* geojson_response.json in Resources */ = {isa = PBXBuildFile; fileRef = BFB4541B29E67883009F8C1A /* geojson_response.json */; };
		BFB4541F29E6788F009F8C1A /* Assets.xcassets in Resources */ = {isa = PBXBuildFile; fileRef = BFB4541E29E6788F009F8C1A /* Assets.xcassets */; };
		BFE5D9F529E6F385000F8658 /* PolygonController.swift in Sources */ = {isa = PBXBuildFile; fileRef = BFE5D9F429E6F385000F8658 /* PolygonController.swift */; };
/* End PBXBuildFile section */

/* Begin PBXFileReference section */
		95F32B7729E5A6E000E20561 /* AppleMapsSample.app */ = {isa = PBXFileReference; explicitFileType = wrapper.application; includeInIndex = 0; path = AppleMapsSample.app; sourceTree = BUILT_PRODUCTS_DIR; };
		95F32B8829E5A6E100E20561 /* Info.plist */ = {isa = PBXFileReference; lastKnownFileType = text.plist.xml; path = Info.plist; sourceTree = "<group>"; };
		BF7B9D7429E68A28009D0FED /* DropPinController.swift */ = {isa = PBXFileReference; lastKnownFileType = sourcecode.swift; path = DropPinController.swift; sourceTree = "<group>"; };
		BF7B9D7629E69013009D0FED /* PolylineController.swift */ = {isa = PBXFileReference; lastKnownFileType = sourcecode.swift; path = PolylineController.swift; sourceTree = "<group>"; };
		BF7B9D7829E6947B009D0FED /* CustomAnnotationController.swift */ = {isa = PBXFileReference; lastKnownFileType = sourcecode.swift; path = CustomAnnotationController.swift; sourceTree = "<group>"; };
		BF7B9D7A29E6B113009D0FED /* RouteDirectionController.swift */ = {isa = PBXFileReference; lastKnownFileType = sourcecode.swift; path = RouteDirectionController.swift; sourceTree = "<group>"; };
		BFB453D429E677E1009F8C1A /* AppDelegate.swift */ = {isa = PBXFileReference; fileEncoding = 4; lastKnownFileType = sourcecode.swift; path = AppDelegate.swift; sourceTree = "<group>"; };
		BFB453D529E677E1009F8C1A /* SceneDelegate.swift */ = {isa = PBXFileReference; fileEncoding = 4; lastKnownFileType = sourcecode.swift; path = SceneDelegate.swift; sourceTree = "<group>"; };
		BFB453DA29E677F0009F8C1A /* Extension + Uicontroller.swift */ = {isa = PBXFileReference; fileEncoding = 4; lastKnownFileType = sourcecode.swift; path = "Extension + Uicontroller.swift"; sourceTree = "<group>"; };
		BFB453DB29E677F0009F8C1A /* UIviewController + Extension.swift */ = {isa = PBXFileReference; fileEncoding = 4; lastKnownFileType = sourcecode.swift; path = "UIviewController + Extension.swift"; sourceTree = "<group>"; };
		BFB453DC29E677F0009F8C1A /* Extension + UItextfield.swift */ = {isa = PBXFileReference; fileEncoding = 4; lastKnownFileType = sourcecode.swift; path = "Extension + UItextfield.swift"; sourceTree = "<group>"; };
		BFB453DE29E677F0009F8C1A /* StoryboardScene.swift */ = {isa = PBXFileReference; fileEncoding = 4; lastKnownFileType = sourcecode.swift; path = StoryboardScene.swift; sourceTree = "<group>"; };
		BFB453E429E6780A009F8C1A /* ViewController.swift */ = {isa = PBXFileReference; fileEncoding = 4; lastKnownFileType = sourcecode.swift; path = ViewController.swift; sourceTree = "<group>"; };
		BFB453E729E6780A009F8C1A /* FlyOverController.swift */ = {isa = PBXFileReference; fileEncoding = 4; lastKnownFileType = sourcecode.swift; path = FlyOverController.swift; sourceTree = "<group>"; };
		BFB453E829E6780A009F8C1A /* MapViewController.swift */ = {isa = PBXFileReference; fileEncoding = 4; lastKnownFileType = sourcecode.swift; path = MapViewController.swift; sourceTree = "<group>"; };
		BFB453EB29E6780A009F8C1A /* LookAroundView.swift */ = {isa = PBXFileReference; fileEncoding = 4; lastKnownFileType = sourcecode.swift; path = LookAroundView.swift; sourceTree = "<group>"; };
		BFB453EC29E6780A009F8C1A /* MapView.swift */ = {isa = PBXFileReference; fileEncoding = 4; lastKnownFileType = sourcecode.swift; path = MapView.swift; sourceTree = "<group>"; };
		BFB453EE29E6780A009F8C1A /* MapViewCoordinator.swift */ = {isa = PBXFileReference; fileEncoding = 4; lastKnownFileType = sourcecode.swift; path = MapViewCoordinator.swift; sourceTree = "<group>"; };
		BFB453F029E6780A009F8C1A /* LocationManager.swift */ = {isa = PBXFileReference; fileEncoding = 4; lastKnownFileType = sourcecode.swift; path = LocationManager.swift; sourceTree = "<group>"; };
		BFB453F229E6780A009F8C1A /* LocationScreen.swift */ = {isa = PBXFileReference; fileEncoding = 4; lastKnownFileType = sourcecode.swift; path = LocationScreen.swift; sourceTree = "<group>"; };
		BFB453F329E6780A009F8C1A /* SearchController.swift */ = {isa = PBXFileReference; fileEncoding = 4; lastKnownFileType = sourcecode.swift; path = SearchController.swift; sourceTree = "<group>"; };
		BFB453F429E6780A009F8C1A /* MapFeaturesController.swift */ = {isa = PBXFileReference; fileEncoding = 4; lastKnownFileType = sourcecode.swift; path = MapFeaturesController.swift; sourceTree = "<group>"; };
		BFB453F629E6780A009F8C1A /* RoutesController.swift */ = {isa = PBXFileReference; fileEncoding = 4; lastKnownFileType = sourcecode.swift; path = RoutesController.swift; sourceTree = "<group>"; };
		BFB4540429E67828009F8C1A /* MapSubView.swift */ = {isa = PBXFileReference; fileEncoding = 4; lastKnownFileType = sourcecode.swift; path = MapSubView.swift; sourceTree = "<group>"; };
		BFB4540529E67828009F8C1A /* TraceResponseData.swift */ = {isa = PBXFileReference; fileEncoding = 4; lastKnownFileType = sourcecode.swift; path = TraceResponseData.swift; sourceTree = "<group>"; };
		BFB4540629E67828009F8C1A /* PolygonResponseData.swift */ = {isa = PBXFileReference; fileEncoding = 4; lastKnownFileType = sourcecode.swift; path = PolygonResponseData.swift; sourceTree = "<group>"; };
		BFB4540729E67828009F8C1A /* Point.swift */ = {isa = PBXFileReference; fileEncoding = 4; lastKnownFileType = sourcecode.swift; path = Point.swift; sourceTree = "<group>"; };
		BFB4540829E67828009F8C1A /* CustomAnnotations.swift */ = {isa = PBXFileReference; fileEncoding = 4; lastKnownFileType = sourcecode.swift; path = CustomAnnotations.swift; sourceTree = "<group>"; };
		BFB4540929E67828009F8C1A /* Features.swift */ = {isa = PBXFileReference; fileEncoding = 4; lastKnownFileType = sourcecode.swift; path = Features.swift; sourceTree = "<group>"; };
		BFB4540A29E67828009F8C1A /* CustomAnnotation.swift */ = {isa = PBXFileReference; fileEncoding = 4; lastKnownFileType = sourcecode.swift; path = CustomAnnotation.swift; sourceTree = "<group>"; };
		BFB4541429E67843009F8C1A /* Base */ = {isa = PBXFileReference; lastKnownFileType = file.storyboard; name = Base; path = Base.lproj/LaunchScreen.storyboard; sourceTree = "<group>"; };
		BFB4541629E67843009F8C1A /* Base */ = {isa = PBXFileReference; lastKnownFileType = file.storyboard; name = Base; path = Base.lproj/Main.storyboard; sourceTree = "<group>"; };
		BFB4541A29E67883009F8C1A /* trace.json */ = {isa = PBXFileReference; fileEncoding = 4; lastKnownFileType = text.json; path = trace.json; sourceTree = "<group>"; };
		BFB4541B29E67883009F8C1A /* geojson_response.json */ = {isa = PBXFileReference; fileEncoding = 4; lastKnownFileType = text.json; path = geojson_response.json; sourceTree = "<group>"; };
		BFB4541E29E6788F009F8C1A /* Assets.xcassets */ = {isa = PBXFileReference; lastKnownFileType = folder.assetcatalog; path = Assets.xcassets; sourceTree = "<group>"; };
		BFE5D9F429E6F385000F8658 /* PolygonController.swift */ = {isa = PBXFileReference; lastKnownFileType = sourcecode.swift; path = PolygonController.swift; sourceTree = "<group>"; };
/* End PBXFileReference section */

/* Begin PBXFrameworksBuildPhase section */
		95F32B7429E5A6E000E20561 /* Frameworks */ = {
			isa = PBXFrameworksBuildPhase;
			buildActionMask = 2147483647;
			files = (
			);
			runOnlyForDeploymentPostprocessing = 0;
		};
/* End PBXFrameworksBuildPhase section */

/* Begin PBXGroup section */
		95F32B6E29E5A6E000E20561 = {
			isa = PBXGroup;
			children = (
				95F32B7929E5A6E000E20561 /* AppleMapsSample */,
				95F32B7829E5A6E000E20561 /* Products */,
			);
			sourceTree = "<group>";
		};
		95F32B7829E5A6E000E20561 /* Products */ = {
			isa = PBXGroup;
			children = (
				95F32B7729E5A6E000E20561 /* AppleMapsSample.app */,
			);
			name = Products;
			sourceTree = "<group>";
		};
		95F32B7929E5A6E000E20561 /* AppleMapsSample */ = {
			isa = PBXGroup;
			children = (
				BFB453D329E677E1009F8C1A /* Application */,
				BFB453D829E677F0009F8C1A /* Misc */,
				BFB4540229E67828009F8C1A /* Models */,
				BFB453E329E6780A009F8C1A /* Controller */,
				BFB4541229E67843009F8C1A /* Storyboard */,
				BFB4541929E67883009F8C1A /* Resources */,
				BFB4541E29E6788F009F8C1A /* Assets.xcassets */,
				95F32B8829E5A6E100E20561 /* Info.plist */,
			);
			path = AppleMapsSample;
			sourceTree = "<group>";
		};
		BFB453D329E677E1009F8C1A /* Application */ = {
			isa = PBXGroup;
			children = (
				BFB453D429E677E1009F8C1A /* AppDelegate.swift */,
				BFB453D529E677E1009F8C1A /* SceneDelegate.swift */,
			);
			path = Application;
			sourceTree = "<group>";
		};
		BFB453D829E677F0009F8C1A /* Misc */ = {
			isa = PBXGroup;
			children = (
				BFB453D929E677F0009F8C1A /* Extension */,
				BFB453DD29E677F0009F8C1A /* Constant */,
			);
			path = Misc;
			sourceTree = "<group>";
		};
		BFB453D929E677F0009F8C1A /* Extension */ = {
			isa = PBXGroup;
			children = (
				BFB453DA29E677F0009F8C1A /* Extension + Uicontroller.swift */,
				BFB453DB29E677F0009F8C1A /* UIviewController + Extension.swift */,
				BFB453DC29E677F0009F8C1A /* Extension + UItextfield.swift */,
			);
			path = Extension;
			sourceTree = "<group>";
		};
		BFB453DD29E677F0009F8C1A /* Constant */ = {
			isa = PBXGroup;
			children = (
				BFB453DE29E677F0009F8C1A /* StoryboardScene.swift */,
			);
			path = Constant;
			sourceTree = "<group>";
		};
		BFB453E329E6780A009F8C1A /* Controller */ = {
			isa = PBXGroup;
			children = (
				BFB453E429E6780A009F8C1A /* ViewController.swift */,
				BFB453E529E6780A009F8C1A /* Features */,
			);
			path = Controller;
			sourceTree = "<group>";
		};
		BFB453E529E6780A009F8C1A /* Features */ = {
			isa = PBXGroup;
			children = (
				BFB453F429E6780A009F8C1A /* MapFeaturesController.swift */,
				BFB453E829E6780A009F8C1A /* MapViewController.swift */,
				BFB453F329E6780A009F8C1A /* SearchController.swift */,
				BFB4542029E68258009F8C1A /* Polygon */,
				BFB4542129E68270009F8C1A /* DropPin */,
				BFB4542229E6827C009F8C1A /* Polyline */,
				BFB453F529E6780A009F8C1A /* Routes */,
				BFB4542329E68298009F8C1A /* CustomAnnotation */,
				BFB453E629E6780A009F8C1A /* Fly Over */,
				BFB453E929E6780A009F8C1A /* LookAround(SwiftUI) */,
			);
			path = Features;
			sourceTree = "<group>";
		};
		BFB453E629E6780A009F8C1A /* Fly Over */ = {
			isa = PBXGroup;
			children = (
				BFB453E729E6780A009F8C1A /* FlyOverController.swift */,
			);
			path = "Fly Over";
			sourceTree = "<group>";
		};
		BFB453E929E6780A009F8C1A /* LookAround(SwiftUI) */ = {
			isa = PBXGroup;
			children = (
				BFB453EA29E6780A009F8C1A /* Representables */,
				BFB453ED29E6780A009F8C1A /* Coordinators */,
				BFB453EF29E6780A009F8C1A /* Utils */,
				BFB453F129E6780A009F8C1A /* Screen */,
			);
			path = "LookAround(SwiftUI)";
			sourceTree = "<group>";
		};
		BFB453EA29E6780A009F8C1A /* Representables */ = {
			isa = PBXGroup;
			children = (
				BFB453EB29E6780A009F8C1A /* LookAroundView.swift */,
				BFB453EC29E6780A009F8C1A /* MapView.swift */,
			);
			path = Representables;
			sourceTree = "<group>";
		};
		BFB453ED29E6780A009F8C1A /* Coordinators */ = {
			isa = PBXGroup;
			children = (
				BFB453EE29E6780A009F8C1A /* MapViewCoordinator.swift */,
			);
			path = Coordinators;
			sourceTree = "<group>";
		};
		BFB453EF29E6780A009F8C1A /* Utils */ = {
			isa = PBXGroup;
			children = (
				BFB453F029E6780A009F8C1A /* LocationManager.swift */,
			);
			path = Utils;
			sourceTree = "<group>";
		};
		BFB453F129E6780A009F8C1A /* Screen */ = {
			isa = PBXGroup;
			children = (
				BFB453F229E6780A009F8C1A /* LocationScreen.swift */,
			);
			path = Screen;
			sourceTree = "<group>";
		};
		BFB453F529E6780A009F8C1A /* Routes */ = {
			isa = PBXGroup;
			children = (
				BFB453F629E6780A009F8C1A /* RoutesController.swift */,
				BF7B9D7A29E6B113009D0FED /* RouteDirectionController.swift */,
			);
			path = Routes;
			sourceTree = "<group>";
		};
		BFB4540229E67828009F8C1A /* Models */ = {
			isa = PBXGroup;
			children = (
				BFB4540329E67828009F8C1A /* Map view */,
				BFB4540529E67828009F8C1A /* TraceResponseData.swift */,
				BFB4540629E67828009F8C1A /* PolygonResponseData.swift */,
				BFB4540729E67828009F8C1A /* Point.swift */,
				BFB4540829E67828009F8C1A /* CustomAnnotations.swift */,
				BFB4540929E67828009F8C1A /* Features.swift */,
				BFB4540A29E67828009F8C1A /* CustomAnnotation.swift */,
			);
			path = Models;
			sourceTree = "<group>";
		};
		BFB4540329E67828009F8C1A /* Map view */ = {
			isa = PBXGroup;
			children = (
				BFB4540429E67828009F8C1A /* MapSubView.swift */,
			);
			path = "Map view";
			sourceTree = "<group>";
		};
		BFB4541229E67843009F8C1A /* Storyboard */ = {
			isa = PBXGroup;
			children = (
				BFB4541329E67843009F8C1A /* LaunchScreen.storyboard */,
				BFB4541529E67843009F8C1A /* Main.storyboard */,
			);
			path = Storyboard;
			sourceTree = "<group>";
		};
		BFB4541929E67883009F8C1A /* Resources */ = {
			isa = PBXGroup;
			children = (
				BFB4541A29E67883009F8C1A /* trace.json */,
				BFB4541B29E67883009F8C1A /* geojson_response.json */,
			);
			path = Resources;
			sourceTree = "<group>";
		};
		BFB4542029E68258009F8C1A /* Polygon */ = {
			isa = PBXGroup;
			children = (
				BFE5D9F429E6F385000F8658 /* PolygonController.swift */,
			);
			path = Polygon;
			sourceTree = "<group>";
		};
		BFB4542129E68270009F8C1A /* DropPin */ = {
			isa = PBXGroup;
			children = (
				BF7B9D7429E68A28009D0FED /* DropPinController.swift */,
			);
			path = DropPin;
			sourceTree = "<group>";
		};
		BFB4542229E6827C009F8C1A /* Polyline */ = {
			isa = PBXGroup;
			children = (
				BF7B9D7629E69013009D0FED /* PolylineController.swift */,
			);
			path = Polyline;
			sourceTree = "<group>";
		};
		BFB4542329E68298009F8C1A /* CustomAnnotation */ = {
			isa = PBXGroup;
			children = (
				BF7B9D7829E6947B009D0FED /* CustomAnnotationController.swift */,
			);
			path = CustomAnnotation;
			sourceTree = "<group>";
		};
/* End PBXGroup section */

/* Begin PBXNativeTarget section */
		95F32B7629E5A6E000E20561 /* AppleMapsSample */ = {
			isa = PBXNativeTarget;
			buildConfigurationList = 95F32B8B29E5A6E100E20561 /* Build configuration list for PBXNativeTarget "AppleMapsSample" */;
			buildPhases = (
				95F32B7329E5A6E000E20561 /* Sources */,
				95F32B7429E5A6E000E20561 /* Frameworks */,
				95F32B7529E5A6E000E20561 /* Resources */,
			);
			buildRules = (
			);
			dependencies = (
			);
			name = AppleMapsSample;
			productName = AppleMapsSample;
			productReference = 95F32B7729E5A6E000E20561 /* AppleMapsSample.app */;
			productType = "com.apple.product-type.application";
		};
/* End PBXNativeTarget section */

/* Begin PBXProject section */
		95F32B6F29E5A6E000E20561 /* Project object */ = {
			isa = PBXProject;
			attributes = {
				BuildIndependentTargetsInParallel = 1;
				LastSwiftUpdateCheck = 1420;
				LastUpgradeCheck = 1420;
				TargetAttributes = {
					95F32B7629E5A6E000E20561 = {
						CreatedOnToolsVersion = 14.2;
					};
				};
			};
			buildConfigurationList = 95F32B7229E5A6E000E20561 /* Build configuration list for PBXProject "AppleMapsSample" */;
			compatibilityVersion = "Xcode 14.0";
			developmentRegion = en;
			hasScannedForEncodings = 0;
			knownRegions = (
				en,
				Base,
			);
			mainGroup = 95F32B6E29E5A6E000E20561;
			productRefGroup = 95F32B7829E5A6E000E20561 /* Products */;
			projectDirPath = "";
			projectRoot = "";
			targets = (
				95F32B7629E5A6E000E20561 /* AppleMapsSample */,
			);
		};
/* End PBXProject section */

/* Begin PBXResourcesBuildPhase section */
		95F32B7529E5A6E000E20561 /* Resources */ = {
			isa = PBXResourcesBuildPhase;
			buildActionMask = 2147483647;
			files = (
				BFB4541829E67843009F8C1A /* Main.storyboard in Resources */,
				BFB4541D29E67883009F8C1A /* geojson_response.json in Resources */,
				BFB4541C29E67883009F8C1A /* trace.json in Resources */,
				BFB4541729E67843009F8C1A /* LaunchScreen.storyboard in Resources */,
				BFB4541F29E6788F009F8C1A /* Assets.xcassets in Resources */,
			);
			runOnlyForDeploymentPostprocessing = 0;
		};
/* End PBXResourcesBuildPhase section */

/* Begin PBXSourcesBuildPhase section */
		95F32B7329E5A6E000E20561 /* Sources */ = {
			isa = PBXSourcesBuildPhase;
			buildActionMask = 2147483647;
			files = (
				BFB4540C29E67828009F8C1A /* TraceResponseData.swift in Sources */,
				BF7B9D7529E68A28009D0FED /* DropPinController.swift in Sources */,
				BFE5D9F529E6F385000F8658 /* PolygonController.swift in Sources */,
				BFB453D629E677E1009F8C1A /* AppDelegate.swift in Sources */,
				BF7B9D7729E69013009D0FED /* PolylineController.swift in Sources */,
				BFB453FB29E6780A009F8C1A /* MapView.swift in Sources */,
				BFB453E029E677F0009F8C1A /* UIviewController + Extension.swift in Sources */,
				BFB453FA29E6780A009F8C1A /* LookAroundView.swift in Sources */,
				BFB4540029E6780A009F8C1A /* MapFeaturesController.swift in Sources */,
				BFB453F929E6780A009F8C1A /* MapViewController.swift in Sources */,
				BFB453FE29E6780A009F8C1A /* LocationScreen.swift in Sources */,
				BFB453FC29E6780A009F8C1A /* MapViewCoordinator.swift in Sources */,
				BFB453E229E677F0009F8C1A /* StoryboardScene.swift in Sources */,
				BFB453F829E6780A009F8C1A /* FlyOverController.swift in Sources */,
				BFB4540E29E67828009F8C1A /* Point.swift in Sources */,
				BFB453E129E677F0009F8C1A /* Extension + UItextfield.swift in Sources */,
				BFB453FF29E6780A009F8C1A /* SearchController.swift in Sources */,
				BFB453FD29E6780A009F8C1A /* LocationManager.swift in Sources */,
				BF7B9D7B29E6B113009D0FED /* RouteDirectionController.swift in Sources */,
				BF7B9D7929E6947B009D0FED /* CustomAnnotationController.swift in Sources */,
				BFB4540F29E67828009F8C1A /* CustomAnnotations.swift in Sources */,
				BFB453D729E677E1009F8C1A /* SceneDelegate.swift in Sources */,
				BFB4540B29E67828009F8C1A /* MapSubView.swift in Sources */,
				BFB453F729E6780A009F8C1A /* ViewController.swift in Sources */,
				BFB4541029E67828009F8C1A /* Features.swift in Sources */,
				BFB4540D29E67828009F8C1A /* PolygonResponseData.swift in Sources */,
				BFB453DF29E677F0009F8C1A /* Extension + Uicontroller.swift in Sources */,
				BFB4540129E6780A009F8C1A /* RoutesController.swift in Sources */,
				BFB4541129E67828009F8C1A /* CustomAnnotation.swift in Sources */,
			);
			runOnlyForDeploymentPostprocessing = 0;
		};
/* End PBXSourcesBuildPhase section */

/* Begin PBXVariantGroup section */
		BFB4541329E67843009F8C1A /* LaunchScreen.storyboard */ = {
			isa = PBXVariantGroup;
			children = (
				BFB4541429E67843009F8C1A /* Base */,
			);
			name = LaunchScreen.storyboard;
			sourceTree = "<group>";
		};
		BFB4541529E67843009F8C1A /* Main.storyboard */ = {
			isa = PBXVariantGroup;
			children = (
				BFB4541629E67843009F8C1A /* Base */,
			);
			name = Main.storyboard;
			sourceTree = "<group>";
		};
/* End PBXVariantGroup section */

/* Begin XCBuildConfiguration section */
		95F32B8929E5A6E100E20561 /* Debug */ = {
			isa = XCBuildConfiguration;
			buildSettings = {
				ALWAYS_SEARCH_USER_PATHS = NO;
				CLANG_ANALYZER_NONNULL = YES;
				CLANG_ANALYZER_NUMBER_OBJECT_CONVERSION = YES_AGGRESSIVE;
				CLANG_CXX_LANGUAGE_STANDARD = "gnu++20";
				CLANG_ENABLE_MODULES = YES;
				CLANG_ENABLE_OBJC_ARC = YES;
				CLANG_ENABLE_OBJC_WEAK = YES;
				CLANG_WARN_BLOCK_CAPTURE_AUTORELEASING = YES;
				CLANG_WARN_BOOL_CONVERSION = YES;
				CLANG_WARN_COMMA = YES;
				CLANG_WARN_CONSTANT_CONVERSION = YES;
				CLANG_WARN_DEPRECATED_OBJC_IMPLEMENTATIONS = YES;
				CLANG_WARN_DIRECT_OBJC_ISA_USAGE = YES_ERROR;
				CLANG_WARN_DOCUMENTATION_COMMENTS = YES;
				CLANG_WARN_EMPTY_BODY = YES;
				CLANG_WARN_ENUM_CONVERSION = YES;
				CLANG_WARN_INFINITE_RECURSION = YES;
				CLANG_WARN_INT_CONVERSION = YES;
				CLANG_WARN_NON_LITERAL_NULL_CONVERSION = YES;
				CLANG_WARN_OBJC_IMPLICIT_RETAIN_SELF = YES;
				CLANG_WARN_OBJC_LITERAL_CONVERSION = YES;
				CLANG_WARN_OBJC_ROOT_CLASS = YES_ERROR;
				CLANG_WARN_QUOTED_INCLUDE_IN_FRAMEWORK_HEADER = YES;
				CLANG_WARN_RANGE_LOOP_ANALYSIS = YES;
				CLANG_WARN_STRICT_PROTOTYPES = YES;
				CLANG_WARN_SUSPICIOUS_MOVE = YES;
				CLANG_WARN_UNGUARDED_AVAILABILITY = YES_AGGRESSIVE;
				CLANG_WARN_UNREACHABLE_CODE = YES;
				CLANG_WARN__DUPLICATE_METHOD_MATCH = YES;
				COPY_PHASE_STRIP = NO;
				DEBUG_INFORMATION_FORMAT = dwarf;
				ENABLE_STRICT_OBJC_MSGSEND = YES;
				ENABLE_TESTABILITY = YES;
				GCC_C_LANGUAGE_STANDARD = gnu11;
				GCC_DYNAMIC_NO_PIC = NO;
				GCC_NO_COMMON_BLOCKS = YES;
				GCC_OPTIMIZATION_LEVEL = 0;
				GCC_PREPROCESSOR_DEFINITIONS = (
					"DEBUG=1",
					"$(inherited)",
				);
				GCC_WARN_64_TO_32_BIT_CONVERSION = YES;
				GCC_WARN_ABOUT_RETURN_TYPE = YES_ERROR;
				GCC_WARN_UNDECLARED_SELECTOR = YES;
				GCC_WARN_UNINITIALIZED_AUTOS = YES_AGGRESSIVE;
				GCC_WARN_UNUSED_FUNCTION = YES;
				GCC_WARN_UNUSED_VARIABLE = YES;
				IPHONEOS_DEPLOYMENT_TARGET = 14.0;
				MTL_ENABLE_DEBUG_INFO = INCLUDE_SOURCE;
				MTL_FAST_MATH = YES;
				ONLY_ACTIVE_ARCH = YES;
				SDKROOT = iphoneos;
				SWIFT_ACTIVE_COMPILATION_CONDITIONS = DEBUG;
				SWIFT_OPTIMIZATION_LEVEL = "-Onone";
			};
			name = Debug;
		};
		95F32B8A29E5A6E100E20561 /* Release */ = {
			isa = XCBuildConfiguration;
			buildSettings = {
				ALWAYS_SEARCH_USER_PATHS = NO;
				CLANG_ANALYZER_NONNULL = YES;
				CLANG_ANALYZER_NUMBER_OBJECT_CONVERSION = YES_AGGRESSIVE;
				CLANG_CXX_LANGUAGE_STANDARD = "gnu++20";
				CLANG_ENABLE_MODULES = YES;
				CLANG_ENABLE_OBJC_ARC = YES;
				CLANG_ENABLE_OBJC_WEAK = YES;
				CLANG_WARN_BLOCK_CAPTURE_AUTORELEASING = YES;
				CLANG_WARN_BOOL_CONVERSION = YES;
				CLANG_WARN_COMMA = YES;
				CLANG_WARN_CONSTANT_CONVERSION = YES;
				CLANG_WARN_DEPRECATED_OBJC_IMPLEMENTATIONS = YES;
				CLANG_WARN_DIRECT_OBJC_ISA_USAGE = YES_ERROR;
				CLANG_WARN_DOCUMENTATION_COMMENTS = YES;
				CLANG_WARN_EMPTY_BODY = YES;
				CLANG_WARN_ENUM_CONVERSION = YES;
				CLANG_WARN_INFINITE_RECURSION = YES;
				CLANG_WARN_INT_CONVERSION = YES;
				CLANG_WARN_NON_LITERAL_NULL_CONVERSION = YES;
				CLANG_WARN_OBJC_IMPLICIT_RETAIN_SELF = YES;
				CLANG_WARN_OBJC_LITERAL_CONVERSION = YES;
				CLANG_WARN_OBJC_ROOT_CLASS = YES_ERROR;
				CLANG_WARN_QUOTED_INCLUDE_IN_FRAMEWORK_HEADER = YES;
				CLANG_WARN_RANGE_LOOP_ANALYSIS = YES;
				CLANG_WARN_STRICT_PROTOTYPES = YES;
				CLANG_WARN_SUSPICIOUS_MOVE = YES;
				CLANG_WARN_UNGUARDED_AVAILABILITY = YES_AGGRESSIVE;
				CLANG_WARN_UNREACHABLE_CODE = YES;
				CLANG_WARN__DUPLICATE_METHOD_MATCH = YES;
				COPY_PHASE_STRIP = NO;
				DEBUG_INFORMATION_FORMAT = "dwarf-with-dsym";
				ENABLE_NS_ASSERTIONS = NO;
				ENABLE_STRICT_OBJC_MSGSEND = YES;
				GCC_C_LANGUAGE_STANDARD = gnu11;
				GCC_NO_COMMON_BLOCKS = YES;
				GCC_WARN_64_TO_32_BIT_CONVERSION = YES;
				GCC_WARN_ABOUT_RETURN_TYPE = YES_ERROR;
				GCC_WARN_UNDECLARED_SELECTOR = YES;
				GCC_WARN_UNINITIALIZED_AUTOS = YES_AGGRESSIVE;
				GCC_WARN_UNUSED_FUNCTION = YES;
				GCC_WARN_UNUSED_VARIABLE = YES;
				IPHONEOS_DEPLOYMENT_TARGET = 14.0;
				MTL_ENABLE_DEBUG_INFO = NO;
				MTL_FAST_MATH = YES;
				SDKROOT = iphoneos;
				SWIFT_COMPILATION_MODE = wholemodule;
				SWIFT_OPTIMIZATION_LEVEL = "-O";
				VALIDATE_PRODUCT = YES;
			};
			name = Release;
		};
		95F32B8C29E5A6E100E20561 /* Debug */ = {
			isa = XCBuildConfiguration;
			buildSettings = {
				ASSETCATALOG_COMPILER_APPICON_NAME = AppIcon;
				ASSETCATALOG_COMPILER_GLOBAL_ACCENT_COLOR_NAME = AccentColor;
				"CODE_SIGN_IDENTITY[sdk=iphoneos*]" = "iPhone Developer";
				CODE_SIGN_STYLE = Manual;
				CURRENT_PROJECT_VERSION = 1;
				DEVELOPMENT_TEAM = "";
				"DEVELOPMENT_TEAM[sdk=iphoneos*]" = 8SS5HN6D42;
				GENERATE_INFOPLIST_FILE = YES;
				INFOPLIST_FILE = AppleMapsSample/Info.plist;
				INFOPLIST_KEY_LSApplicationCategoryType = "public.app-category.utilities";
				INFOPLIST_KEY_NSLocationAlwaysUsageDescription = "This application requires location services to work";
				INFOPLIST_KEY_NSLocationWhenInUseUsageDescription = "This application requires location services to work";
				INFOPLIST_KEY_UIApplicationSupportsIndirectInputEvents = YES;
				INFOPLIST_KEY_UILaunchStoryboardName = LaunchScreen;
				INFOPLIST_KEY_UIMainStoryboardFile = Main;
				INFOPLIST_KEY_UISupportedInterfaceOrientations_iPad = "UIInterfaceOrientationPortrait UIInterfaceOrientationPortraitUpsideDown UIInterfaceOrientationLandscapeLeft UIInterfaceOrientationLandscapeRight";
				INFOPLIST_KEY_UISupportedInterfaceOrientations_iPhone = "UIInterfaceOrientationPortrait UIInterfaceOrientationLandscapeLeft UIInterfaceOrientationLandscapeRight";
				IPHONEOS_DEPLOYMENT_TARGET = 14.0;
				LD_RUNPATH_SEARCH_PATHS = (
					"$(inherited)",
					"@executable_path/Frameworks",
				);
				MARKETING_VERSION = 1.0;
				PRODUCT_BUNDLE_IDENTIFIER = com.hexalitics.mapkitnavigation;
				PRODUCT_NAME = "$(TARGET_NAME)";
				PROVISIONING_PROFILE_SPECIFIER = "";
				"PROVISIONING_PROFILE_SPECIFIER[sdk=iphoneos*]" = map_navigation_devlopment;
				SWIFT_EMIT_LOC_STRINGS = YES;
				SWIFT_VERSION = 5.0;
				TARGETED_DEVICE_FAMILY = "1,2";
			};
			name = Debug;
		};
		95F32B8D29E5A6E100E20561 /* Release */ = {
			isa = XCBuildConfiguration;
			buildSettings = {
				ASSETCATALOG_COMPILER_APPICON_NAME = AppIcon;
				ASSETCATALOG_COMPILER_GLOBAL_ACCENT_COLOR_NAME = AccentColor;
				"CODE_SIGN_IDENTITY[sdk=iphoneos*]" = "iPhone Developer";
				CODE_SIGN_STYLE = Manual;
				CURRENT_PROJECT_VERSION = 1;
				DEVELOPMENT_TEAM = "";
				"DEVELOPMENT_TEAM[sdk=iphoneos*]" = 8SS5HN6D42;
				GENERATE_INFOPLIST_FILE = YES;
				INFOPLIST_FILE = AppleMapsSample/Info.plist;
				INFOPLIST_KEY_LSApplicationCategoryType = "public.app-category.utilities";
				INFOPLIST_KEY_NSLocationAlwaysUsageDescription = "This application requires location services to work";
				INFOPLIST_KEY_NSLocationWhenInUseUsageDescription = "This application requires location services to work";
				INFOPLIST_KEY_UIApplicationSupportsIndirectInputEvents = YES;
				INFOPLIST_KEY_UILaunchStoryboardName = LaunchScreen;
				INFOPLIST_KEY_UIMainStoryboardFile = Main;
				INFOPLIST_KEY_UISupportedInterfaceOrientations_iPad = "UIInterfaceOrientationPortrait UIInterfaceOrientationPortraitUpsideDown UIInterfaceOrientationLandscapeLeft UIInterfaceOrientationLandscapeRight";
				INFOPLIST_KEY_UISupportedInterfaceOrientations_iPhone = "UIInterfaceOrientationPortrait UIInterfaceOrientationLandscapeLeft UIInterfaceOrientationLandscapeRight";
				IPHONEOS_DEPLOYMENT_TARGET = 14.0;
				LD_RUNPATH_SEARCH_PATHS = (
					"$(inherited)",
					"@executable_path/Frameworks",
				);
				MARKETING_VERSION = 1.0;
				PRODUCT_BUNDLE_IDENTIFIER = com.hexalitics.mapkitnavigation;
				PRODUCT_NAME = "$(TARGET_NAME)";
				PROVISIONING_PROFILE_SPECIFIER = "";
				"PROVISIONING_PROFILE_SPECIFIER[sdk=iphoneos*]" = map_navigation_devlopment;
				SWIFT_EMIT_LOC_STRINGS = YES;
				SWIFT_VERSION = 5.0;
				TARGETED_DEVICE_FAMILY = "1,2";
			};
			name = Release;
		};
/* End XCBuildConfiguration section */

/* Begin XCConfigurationList section */
		95F32B7229E5A6E000E20561 /* Build configuration list for PBXProject "AppleMapsSample" */ = {
			isa = XCConfigurationList;
			buildConfigurations = (
				95F32B8929E5A6E100E20561 /* Debug */,
				95F32B8A29E5A6E100E20561 /* Release */,
			);
			defaultConfigurationIsVisible = 0;
			defaultConfigurationName = Release;
		};
		95F32B8B29E5A6E100E20561 /* Build configuration list for PBXNativeTarget "AppleMapsSample" */ = {
			isa = XCConfigurationList;
			buildConfigurations = (
				95F32B8C29E5A6E100E20561 /* Debug */,
				95F32B8D29E5A6E100E20561 /* Release */,
			);
			defaultConfigurationIsVisible = 0;
			defaultConfigurationName = Release;
		};
/* End XCConfigurationList section */
	};
	rootObject = 95F32B6F29E5A6E000E20561 /* Project object */;
}
